Microsoft Visual Studio Solution File, Format Version 12.00
# Visual Studio Version 17
VisualStudioVersion = 17.5.2.0
MinimumVisualStudioVersion = 10.0.40219.1
Project("{FAE04EC0-301F-11D3-BF4B-00C04F79EFBC}") = "Library_Management_System", "Library_Management_System\Library_Management_System.csproj", "{6C766B74-C4B8-EF52-2B2B-5CB707C0EDE9}"
EndProject
Project("{FAE04EC0-301F-11D3-BF4B-00C04F79EFBC}") = "Student_Management_System", "Student_Management_System\Student_Management_System.csproj", "{B08B286D-F62C-1F37-1BA5-09B741EDDF00}"
EndProject
Global
	GlobalSection(SolutionConfigurationPlatforms) = preSolution
		Debug|Any CPU = Debug|Any CPU
		Release|Any CPU = Release|Any CPU
	EndGlobalSection
	GlobalSection(ProjectConfigurationPlatforms) = postSolution
		{6C766B74-C4B8-EF52-2B2B-5CB707C0EDE9}.Debug|Any CPU.ActiveCfg = Debug|Any CPU
		{6C766B74-C4B8-EF52-2B2B-5CB707C0EDE9}.Debug|Any CPU.Build.0 = Debug|Any CPU
		{6C766B74-C4B8-EF52-2B2B-5CB707C0EDE9}.Release|Any CPU.ActiveCfg = Release|Any CPU
		{6C766B74-C4B8-EF52-2B2B-5CB707C0EDE9}.Release|Any CPU.Build.0 = Release|Any CPU
		{B08B286D-F62C-1F37-1BA5-09B741EDDF00}.Debug|Any CPU.ActiveCfg = Debug|Any CPU
		{B08B286D-F62C-1F37-1BA5-09B741EDDF00}.Debug|Any CPU.Build.0 = Debug|Any CPU
		{B08B286D-F62C-1F37-1BA5-09B741EDDF00}.Release|Any CPU.ActiveCfg = Release|Any CPU
		{B08B286D-F62C-1F37-1BA5-09B741EDDF00}.Release|Any CPU.Build.0 = Release|Any CPU
	EndGlobalSection
	GlobalSection(SolutionProperties) = preSolution
		HideSolutionNode = FALSE
	EndGlobalSection
	GlobalSection(ExtensibilityGlobals) = postSolution
		SolutionGuid = {066FDB6C-7A1C-4060-8398-6625CE9D99F1}
	EndGlobalSection
EndGlobal
